// !$*UTF8*$!
{
	archiveVersion = 1;
	classes = {
	};
	objectVersion = 46;
	objects = {

/* Begin PBXBuildFile section */
		656F483E1E8373E6001D0DAE /* main.m in Sources */ = {isa = PBXBuildFile; fileRef = 656F483D1E8373E6001D0DAE /* main.m */; };
		656F48411E8373E6001D0DAE /* AppDelegate.m in Sources */ = {isa = PBXBuildFile; fileRef = 656F48401E8373E6001D0DAE /* AppDelegate.m */; };
		656F48441E8373E6001D0DAE /* ViewController.m in Sources */ = {isa = PBXBuildFile; fileRef = 656F48431E8373E6001D0DAE /* ViewController.m */; };
		656F48471E8373E6001D0DAE /* Main.storyboard in Resources */ = {isa = PBXBuildFile; fileRef = 656F48451E8373E6001D0DAE /* Main.storyboard */; };
		656F48491E8373E6001D0DAE /* Assets.xcassets in Resources */ = {isa = PBXBuildFile; fileRef = 656F48481E8373E6001D0DAE /* Assets.xcassets */; };
		656F484C1E8373E6001D0DAE /* LaunchScreen.storyboard in Resources */ = {isa = PBXBuildFile; fileRef = 656F484A1E8373E6001D0DAE /* LaunchScreen.storyboard */; };
		656F48571E8373E6001D0DAE /* UltTestTests.m in Sources */ = {isa = PBXBuildFile; fileRef = 656F48561E8373E6001D0DAE /* UltTestTests.m */; };
		656F48621E8373E6001D0DAE /* UltTestUITests.m in Sources */ = {isa = PBXBuildFile; fileRef = 656F48611E8373E6001D0DAE /* UltTestUITests.m */; };
/* End PBXBuildFile section */

/* Begin PBXContainerItemProxy section */
		656F48531E8373E6001D0DAE /* PBXContainerItemProxy */ = {
			isa = PBXContainerItemProxy;
			containerPortal = 656F48311E8373E6001D0DAE /* Project object */;
			proxyType = 1;
			remoteGlobalIDString = 656F48381E8373E6001D0DAE;
			remoteInfo = UltTest;
		};
		656F485E1E8373E6001D0DAE /* PBXContainerItemProxy */ = {
			isa = PBXContainerItemProxy;
			containerPortal = 656F48311E8373E6001D0DAE /* Project object */;
			proxyType = 1;
			remoteGlobalIDString = 656F48381E8373E6001D0DAE;
			remoteInfo = UltTest;
		};
/* End PBXContainerItemProxy section */

/* Begin PBXFileReference section */
		656F48391E8373E6001D0DAE /* UltTest.app */ = {isa = PBXFileReference; explicitFileType = wrapper.application; includeInIndex = 0; path = UltTest.app; sourceTree = BUILT_PRODUCTS_DIR; };
		656F483D1E8373E6001D0DAE /* main.m */ = {isa = PBXFileReference; lastKnownFileType = sourcecode.c.objc; path = main.m; sourceTree = "<group>"; };
		656F483F1E8373E6001D0DAE /* AppDelegate.h */ = {isa = PBXFileReference; lastKnownFileType = sourcecode.c.h; path = AppDelegate.h; sourceTree = "<group>"; };
		656F48401E8373E6001D0DAE /* AppDelegate.m */ = {isa = PBXFileReference; lastKnownFileType = sourcecode.c.objc; path = AppDelegate.m; sourceTree = "<group>"; };
		656F48421E8373E6001D0DAE /* ViewController.h */ = {isa = PBXFileReference; lastKnownFileType = sourcecode.c.h; path = ViewController.h; sourceTree = "<group>"; };
		656F48431E8373E6001D0DAE /* ViewController.m */ = {isa = PBXFileReference; lastKnownFileType = sourcecode.c.objc; path = ViewController.m; sourceTree = "<group>"; };
		656F48461E8373E6001D0DAE /* Base */ = {isa = PBXFileReference; lastKnownFileType = file.storyboard; name = Base; path = Base.lproj/Main.storyboard; sourceTree = "<group>"; };
		656F48481E8373E6001D0DAE /* Assets.xcassets */ = {isa = PBXFileReference; lastKnownFileType = folder.assetcatalog; path = Assets.xcassets; sourceTree = "<group>"; };
		656F484B1E8373E6001D0DAE /* Base */ = {isa = PBXFileReference; lastKnownFileType = file.storyboard; name = Base; path = Base.lproj/LaunchScreen.storyboard; sourceTree = "<group>"; };
		656F484D1E8373E6001D0DAE /* Info.plist */ = {isa = PBXFileReference; lastKnownFileType = text.plist.xml; path = Info.plist; sourceTree = "<group>"; };
		656F48521E8373E6001D0DAE /* UltTestTests.xctest */ = {isa = PBXFileReference; explicitFileType = wrapper.cfbundle; includeInIndex = 0; path = UltTestTests.xctest; sourceTree = BUILT_PRODUCTS_DIR; };
		656F48561E8373E6001D0DAE /* UltTestTests.m */ = {isa = PBXFileReference; lastKnownFileType = sourcecode.c.objc; path = UltTestTests.m; sourceTree = "<group>"; };
		656F48581E8373E6001D0DAE /* Info.plist */ = {isa = PBXFileReference; lastKnownFileType = text.plist.xml; path = Info.plist; sourceTree = "<group>"; };
		656F485D1E8373E6001D0DAE /* UltTestUITests.xctest */ = {isa = PBXFileReference; explicitFileType = wrapper.cfbundle; includeInIndex = 0; path = UltTestUITests.xctest; sourceTree = BUILT_PRODUCTS_DIR; };
		656F48611E8373E6001D0DAE /* UltTestUITests.m */ = {isa = PBXFileReference; lastKnownFileType = sourcecode.c.objc; path = UltTestUITests.m; sourceTree = "<group>"; };
		656F48631E8373E6001D0DAE /* Info.plist */ = {isa = PBXFileReference; lastKnownFileType = text.plist.xml; path = Info.plist; sourceTree = "<group>"; };
/* End PBXFileReference section */

/* Begin PBXFrameworksBuildPhase section */
		656F48361E8373E6001D0DAE /* Frameworks */ = {
			isa = PBXFrameworksBuildPhase;
			buildActionMask = 2147483647;
			files = (
			);
			runOnlyForDeploymentPostprocessing = 0;
		};
		656F484F1E8373E6001D0DAE /* Frameworks */ = {
			isa = PBXFrameworksBuildPhase;
			buildActionMask = 2147483647;
			files = (
			);
			runOnlyForDeploymentPostprocessing = 0;
		};
		656F485A1E8373E6001D0DAE /* Frameworks */ = {
			isa = PBXFrameworksBuildPhase;
			buildActionMask = 2147483647;
			files = (
			);
			runOnlyForDeploymentPostprocessing = 0;
		};
/* End PBXFrameworksBuildPhase section */

/* Begin PBXGroup section */
		656F48301E8373E6001D0DAE = {
			isa = PBXGroup;
			children = (
				656F483B1E8373E6001D0DAE /* UltTest */,
				656F48551E8373E6001D0DAE /* UltTestTests */,
				656F48601E8373E6001D0DAE /* UltTestUITests */,
				656F483A1E8373E6001D0DAE /* Products */,
			);
			sourceTree = "<group>";
		};
		656F483A1E8373E6001D0DAE /* Products */ = {
			isa = PBXGroup;
			children = (
				656F48391E8373E6001D0DAE /* UltTest.app */,
				656F48521E8373E6001D0DAE /* UltTestTests.xctest */,
				656F485D1E8373E6001D0DAE /* UltTestUITests.xctest */,
			);
			name = Products;
			sourceTree = "<group>";
		};
		656F483B1E8373E6001D0DAE /* UltTest */ = {
			isa = PBXGroup;
			children = (
				656F483F1E8373E6001D0DAE /* AppDelegate.h */,
				656F48401E8373E6001D0DAE /* AppDelegate.m */,
				656F48421E8373E6001D0DAE /* ViewController.h */,
				656F48431E8373E6001D0DAE /* ViewController.m */,
				656F48451E8373E6001D0DAE /* Main.storyboard */,
				656F48481E8373E6001D0DAE /* Assets.xcassets */,
				656F484A1E8373E6001D0DAE /* LaunchScreen.storyboard */,
				656F484D1E8373E6001D0DAE /* Info.plist */,
				656F483C1E8373E6001D0DAE /* Supporting Files */,
			);
			path = UltTest;
			sourceTree = "<group>";
		};
		656F483C1E8373E6001D0DAE /* Supporting Files */ = {
			isa = PBXGroup;
			children = (
				656F483D1E8373E6001D0DAE /* main.m */,
			);
			name = "Supporting Files";
			sourceTree = "<group>";
		};
		656F48551E8373E6001D0DAE /* UltTestTests */ = {
			isa = PBXGroup;
			children = (
				656F48561E8373E6001D0DAE /* UltTestTests.m */,
				656F48581E8373E6001D0DAE /* Info.plist */,
			);
			path = UltTestTests;
			sourceTree = "<group>";
		};
		656F48601E8373E6001D0DAE /* UltTestUITests */ = {
			isa = PBXGroup;
			children = (
				656F48611E8373E6001D0DAE /* UltTestUITests.m */,
				656F48631E8373E6001D0DAE /* Info.plist */,
			);
			path = UltTestUITests;
			sourceTree = "<group>";
		};
/* End PBXGroup section */

/* Begin PBXNativeTarget section */
		656F48381E8373E6001D0DAE /* UltTest */ = {
			isa = PBXNativeTarget;
			buildConfigurationList = 656F48661E8373E6001D0DAE /* Build configuration list for PBXNativeTarget "UltTest" */;
			buildPhases = (
				656F48351E8373E6001D0DAE /* Sources */,
				656F48361E8373E6001D0DAE /* Frameworks */,
				656F48371E8373E6001D0DAE /* Resources */,
			);
			buildRules = (
			);
			dependencies = (
			);
			name = UltTest;
			productName = UltTest;
			productReference = 656F48391E8373E6001D0DAE /* UltTest.app */;
			productType = "com.apple.product-type.application";
		};
		656F48511E8373E6001D0DAE /* UltTestTests */ = {
			isa = PBXNativeTarget;
			buildConfigurationList = 656F48691E8373E6001D0DAE /* Build configuration list for PBXNativeTarget "UltTestTests" */;
			buildPhases = (
				656F484E1E8373E6001D0DAE /* Sources */,
				656F484F1E8373E6001D0DAE /* Frameworks */,
				656F48501E8373E6001D0DAE /* Resources */,
			);
			buildRules = (
			);
			dependencies = (
				656F48541E8373E6001D0DAE /* PBXTargetDependency */,
			);
			name = UltTestTests;
			productName = UltTestTests;
			productReference = 656F48521E8373E6001D0DAE /* UltTestTests.xctest */;
			productType = "com.apple.product-type.bundle.unit-test";
		};
		656F485C1E8373E6001D0DAE /* UltTestUITests */ = {
			isa = PBXNativeTarget;
			buildConfigurationList = 656F486C1E8373E6001D0DAE /* Build configuration list for PBXNativeTarget "UltTestUITests" */;
			buildPhases = (
				656F48591E8373E6001D0DAE /* Sources */,
				656F485A1E8373E6001D0DAE /* Frameworks */,
				656F485B1E8373E6001D0DAE /* Resources */,
			);
			buildRules = (
			);
			dependencies = (
				656F485F1E8373E6001D0DAE /* PBXTargetDependency */,
			);
			name = UltTestUITests;
			productName = UltTestUITests;
			productReference = 656F485D1E8373E6001D0DAE /* UltTestUITests.xctest */;
			productType = "com.apple.product-type.bundle.ui-testing";
		};
/* End PBXNativeTarget section */

/* Begin PBXProject section */
		656F48311E8373E6001D0DAE /* Project object */ = {
			isa = PBXProject;
			attributes = {
				LastUpgradeCheck = 0820;
				ORGANIZATIONNAME = Rookie;
				TargetAttributes = {
					656F48381E8373E6001D0DAE = {
						CreatedOnToolsVersion = 8.2.1;
						DevelopmentTeam = UGTB456Y9G;
						ProvisioningStyle = Automatic;
					};
					656F48511E8373E6001D0DAE = {
						CreatedOnToolsVersion = 8.2.1;
						DevelopmentTeam = UGTB456Y9G;
						ProvisioningStyle = Automatic;
						TestTargetID = 656F48381E8373E6001D0DAE;
					};
					656F485C1E8373E6001D0DAE = {
						CreatedOnToolsVersion = 8.2.1;
						DevelopmentTeam = UGTB456Y9G;
						ProvisioningStyle = Automatic;
						TestTargetID = 656F48381E8373E6001D0DAE;
					};
				};
			};
			buildConfigurationList = 656F48341E8373E6001D0DAE /* Build configuration list for PBXProject "UltTest" */;
			compatibilityVersion = "Xcode 3.2";
			developmentRegion = English;
			hasScannedForEncodings = 0;
			knownRegions = (
				en,
				Base,
			);
			mainGroup = 656F48301E8373E6001D0DAE;
			productRefGroup = 656F483A1E8373E6001D0DAE /* Products */;
			projectDirPath = "";
			projectRoot = "";
			targets = (
				656F48381E8373E6001D0DAE /* UltTest */,
				656F48511E8373E6001D0DAE /* UltTestTests */,
				656F485C1E8373E6001D0DAE /* UltTestUITests */,
			);
		};
/* End PBXProject section */

/* Begin PBXResourcesBuildPhase section */
		656F48371E8373E6001D0DAE /* Resources */ = {
			isa = PBXResourcesBuildPhase;
			buildActionMask = 2147483647;
			files = (
				656F484C1E8373E6001D0DAE /* LaunchScreen.storyboard in Resources */,
				656F48491E8373E6001D0DAE /* Assets.xcassets in Resources */,
				656F48471E8373E6001D0DAE /* Main.storyboard in Resources */,
			);
			runOnlyForDeploymentPostprocessing = 0;
		};
		656F48501E8373E6001D0DAE /* Resources */ = {
			isa = PBXResourcesBuildPhase;
			buildActionMask = 2147483647;
			files = (
			);
			runOnlyForDeploymentPostprocessing = 0;
		};
		656F485B1E8373E6001D0DAE /* Resources */ = {
			isa = PBXResourcesBuildPhase;
			buildActionMask = 2147483647;
			files = (
			);
			runOnlyForDeploymentPostprocessing = 0;
		};
/* End PBXResourcesBuildPhase section */

/* Begin PBXSourcesBuildPhase section */
		656F48351E8373E6001D0DAE /* Sources */ = {
			isa = PBXSourcesBuildPhase;
			buildActionMask = 2147483647;
			files = (
				656F48441E8373E6001D0DAE /* ViewController.m in Sources */,
				656F48411E8373E6001D0DAE /* AppDelegate.m in Sources */,
				656F483E1E8373E6001D0DAE /* main.m in Sources */,
			);
			runOnlyForDeploymentPostprocessing = 0;
		};
		656F484E1E8373E6001D0DAE /* Sources */ = {
			isa = PBXSourcesBuildPhase;
			buildActionMask = 2147483647;
			files = (
				656F48571E8373E6001D0DAE /* UltTestTests.m in Sources */,
			);
			runOnlyForDeploymentPostprocessing = 0;
		};
		656F48591E8373E6001D0DAE /* Sources */ = {
			isa = PBXSourcesBuildPhase;
			buildActionMask = 2147483647;
			files = (
				656F48621E8373E6001D0DAE /* UltTestUITests.m in Sources */,
			);
			runOnlyForDeploymentPostprocessing = 0;
		};
/* End PBXSourcesBuildPhase section */

/* Begin PBXTargetDependency section */
		656F48541E8373E6001D0DAE /* PBXTargetDependency */ = {
			isa = PBXTargetDependency;
			target = 656F48381E8373E6001D0DAE /* UltTest */;
			targetProxy = 656F48531E8373E6001D0DAE /* PBXContainerItemProxy */;
		};
		656F485F1E8373E6001D0DAE /* PBXTargetDependency */ = {
			isa = PBXTargetDependency;
			target = 656F48381E8373E6001D0DAE /* UltTest */;
			targetProxy = 656F485E1E8373E6001D0DAE /* PBXContainerItemProxy */;
		};
/* End PBXTargetDependency section */

/* Begin PBXVariantGroup section */
		656F48451E8373E6001D0DAE /* Main.storyboard */ = {
			isa = PBXVariantGroup;
			children = (
				656F48461E8373E6001D0DAE /* Base */,
			);
			name = Main.storyboard;
			sourceTree = "<group>";
		};
		656F484A1E8373E6001D0DAE /* LaunchScreen.storyboard */ = {
			isa = PBXVariantGroup;
			children = (
				656F484B1E8373E6001D0DAE /* Base */,
			);
			name = LaunchScreen.storyboard;
			sourceTree = "<group>";
		};
/* End PBXVariantGroup section */

/* Begin XCBuildConfiguration section */
		656F48641E8373E6001D0DAE /* Debug */ = {
			isa = XCBuildConfiguration;
			buildSettings = {
				ALWAYS_SEARCH_USER_PATHS = NO;
				CLANG_ANALYZER_NONNULL = YES;
				CLANG_CXX_LANGUAGE_STANDARD = "gnu++0x";
				CLANG_CXX_LIBRARY = "libc++";
				CLANG_ENABLE_MODULES = YES;
				CLANG_ENABLE_OBJC_ARC = YES;
				CLANG_WARN_BOOL_CONVERSION = YES;
				CLANG_WARN_CONSTANT_CONVERSION = YES;
				CLANG_WARN_DIRECT_OBJC_ISA_USAGE = YES_ERROR;
				CLANG_WARN_DOCUMENTATION_COMMENTS = YES;
				CLANG_WARN_EMPTY_BODY = YES;
				CLANG_WARN_ENUM_CONVERSION = YES;
				CLANG_WARN_INFINITE_RECURSION = YES;
				CLANG_WARN_INT_CONVERSION = YES;
				CLANG_WARN_OBJC_ROOT_CLASS = YES_ERROR;
				CLANG_WARN_SUSPICIOUS_MOVE = YES;
				CLANG_WARN_UNREACHABLE_CODE = YES;
				CLANG_WARN__DUPLICATE_METHOD_MATCH = YES;
				"CODE_SIGN_IDENTITY[sdk=iphoneos*]" = "iPhone Developer";
				COPY_PHASE_STRIP = NO;
				DEBUG_INFORMATION_FORMAT = dwarf;
				ENABLE_STRICT_OBJC_MSGSEND = YES;
				ENABLE_TESTABILITY = YES;
				GCC_C_LANGUAGE_STANDARD = gnu99;
				GCC_DYNAMIC_NO_PIC = NO;
				GCC_NO_COMMON_BLOCKS = YES;
				GCC_OPTIMIZATION_LEVEL = 0;
				GCC_PREPROCESSOR_DEFINITIONS = (
					"DEBUG=1",
					"$(inherited)",
				);
				GCC_WARN_64_TO_32_BIT_CONVERSION = YES;
				GCC_WARN_ABOUT_RETURN_TYPE = YES_ERROR;
				GCC_WARN_UNDECLARED_SELECTOR = YES;
				GCC_WARN_UNINITIALIZED_AUTOS = YES_AGGRESSIVE;
				GCC_WARN_UNUSED_FUNCTION = YES;
				GCC_WARN_UNUSED_VARIABLE = YES;
				IPHONEOS_DEPLOYMENT_TARGET = 10.2;
				MTL_ENABLE_DEBUG_INFO = YES;
				ONLY_ACTIVE_ARCH = YES;
				SDKROOT = iphoneos;
				TARGETED_DEVICE_FAMILY = "1,2";
			};
			name = Debug;
		};
		656F48651E8373E6001D0DAE /* Release */ = {
			isa = XCBuildConfiguration;
			buildSettings = {
				ALWAYS_SEARCH_USER_PATHS = NO;
				CLANG_ANALYZER_NONNULL = YES;
				CLANG_CXX_LANGUAGE_STANDARD = "gnu++0x";
				CLANG_CXX_LIBRARY = "libc++";
				CLANG_ENABLE_MODULES = YES;
				CLANG_ENABLE_OBJC_ARC = YES;
				CLANG_WARN_BOOL_CONVERSION = YES;
				CLANG_WARN_CONSTANT_CONVERSION = YES;
				CLANG_WARN_DIRECT_OBJC_ISA_USAGE = YES_ERROR;
				CLANG_WARN_DOCUMENTATION_COMMENTS = YES;
				CLANG_WARN_EMPTY_BODY = YES;
				CLANG_WARN_ENUM_CONVERSION = YES;
				CLANG_WARN_INFINITE_RECURSION = YES;
				CLANG_WARN_INT_CONVERSION = YES;
				CLANG_WARN_OBJC_ROOT_CLASS = YES_ERROR;
				CLANG_WARN_SUSPICIOUS_MOVE = YES;
				CLANG_WARN_UNREACHABLE_CODE = YES;
				CLANG_WARN__DUPLICATE_METHOD_MATCH = YES;
				"CODE_SIGN_IDENTITY[sdk=iphoneos*]" = "iPhone Developer";
				COPY_PHASE_STRIP = NO;
				DEBUG_INFORMATION_FORMAT = "dwarf-with-dsym";
				ENABLE_NS_ASSERTIONS = NO;
				ENABLE_STRICT_OBJC_MSGSEND = YES;
				GCC_C_LANGUAGE_STANDARD = gnu99;
				GCC_NO_COMMON_BLOCKS = YES;
				GCC_WARN_64_TO_32_BIT_CONVERSION = YES;
				GCC_WARN_ABOUT_RETURN_TYPE = YES_ERROR;
				GCC_WARN_UNDECLARED_SELECTOR = YES;
				GCC_WARN_UNINITIALIZED_AUTOS = YES_AGGRESSIVE;
				GCC_WARN_UNUSED_FUNCTION = YES;
				GCC_WARN_UNUSED_VARIABLE = YES;
				IPHONEOS_DEPLOYMENT_TARGET = 10.2;
				MTL_ENABLE_DEBUG_INFO = NO;
				SDKROOT = iphoneos;
				TARGETED_DEVICE_FAMILY = "1,2";
				VALIDATE_PRODUCT = YES;
			};
			name = Release;
		};
		656F48671E8373E6001D0DAE /* Debug */ = {
			isa = XCBuildConfiguration;
			buildSettings = {
				ASSETCATALOG_COMPILER_APPICON_NAME = AppIcon;
				DEVELOPMENT_TEAM = UGTB456Y9G;
				INFOPLIST_FILE = UltTest/Info.plist;
				LD_RUNPATH_SEARCH_PATHS = "$(inherited) @executable_path/Frameworks";
				PRODUCT_BUNDLE_IDENTIFIER = com.freedom.UltTest;
				PRODUCT_NAME = "$(TARGET_NAME)";
			};
			name = Debug;
		};
		656F48681E8373E6001D0DAE /* Release */ = {
			isa = XCBuildConfiguration;
			buildSettings = {
				ASSETCATALOG_COMPILER_APPICON_NAME = AppIcon;
				DEVELOPMENT_TEAM = UGTB456Y9G;
				INFOPLIST_FILE = UltTest/Info.plist;
				LD_RUNPATH_SEARCH_PATHS = "$(inherited) @executable_path/Frameworks";
				PRODUCT_BUNDLE_IDENTIFIER = com.freedom.UltTest;
				PRODUCT_NAME = "$(TARGET_NAME)";
			};
			name = Release;
		};
		656F486A1E8373E6001D0DAE /* Debug */ = {
			isa = XCBuildConfiguration;
			buildSettings = {
				BUNDLE_LOADER = "$(TEST_HOST)";
				DEVELOPMENT_TEAM = UGTB456Y9G;
				INFOPLIST_FILE = UltTestTests/Info.plist;
				LD_RUNPATH_SEARCH_PATHS = "$(inherited) @executable_path/Frameworks @loader_path/Frameworks";
				PRODUCT_BUNDLE_IDENTIFIER = com.freedom.UltTestTests;
				PRODUCT_NAME = "$(TARGET_NAME)";
				TEST_HOST = "$(BUILT_PRODUCTS_DIR)/UltTest.app/UltTest";
			};
			name = Debug;
		};
		656F486B1E8373E6001D0DAE /* Release */ = {
			isa = XCBuildConfiguration;
			buildSettings = {
				BUNDLE_LOADER = "$(TEST_HOST)";
				DEVELOPMENT_TEAM = UGTB456Y9G;
				INFOPLIST_FILE = UltTestTests/Info.plist;
				LD_RUNPATH_SEARCH_PATHS = "$(inherited) @executable_path/Frameworks @loader_path/Frameworks";
				PRODUCT_BUNDLE_IDENTIFIER = com.freedom.UltTestTests;
				PRODUCT_NAME = "$(TARGET_NAME)";
				TEST_HOST = "$(BUILT_PRODUCTS_DIR)/UltTest.app/UltTest";
			};
			name = Release;
		};
		656F486D1E8373E6001D0DAE /* Debug */ = {
			isa = XCBuildConfiguration;
			buildSettings = {
				DEVELOPMENT_TEAM = UGTB456Y9G;
				INFOPLIST_FILE = UltTestUITests/Info.plist;
				LD_RUNPATH_SEARCH_PATHS = "$(inherited) @executable_path/Frameworks @loader_path/Frameworks";
				PRODUCT_BUNDLE_IDENTIFIER = com.freedom.UltTestUITests;
				PRODUCT_NAME = "$(TARGET_NAME)";
				TEST_TARGET_NAME = UltTest;
			};
			name = Debug;
		};
		656F486E1E8373E6001D0DAE /* Release */ = {
			isa = XCBuildConfiguration;
			buildSettings = {
				DEVELOPMENT_TEAM = UGTB456Y9G;
				INFOPLIST_FILE = UltTestUITests/Info.plist;
				LD_RUNPATH_SEARCH_PATHS = "$(inherited) @executable_path/Frameworks @loader_path/Frameworks";
				PRODUCT_BUNDLE_IDENTIFIER = com.freedom.UltTestUITests;
				PRODUCT_NAME = "$(TARGET_NAME)";
				TEST_TARGET_NAME = UltTest;
			};
			name = Release;
		};
/* End XCBuildConfiguration section */

/* Begin XCConfigurationList section */
		656F48341E8373E6001D0DAE /* Build configuration list for PBXProject "UltTest" */ = {
			isa = XCConfigurationList;
			buildConfigurations = (
				656F48641E8373E6001D0DAE /* Debug */,
				656F48651E8373E6001D0DAE /* Release */,
			);
			defaultConfigurationIsVisible = 0;
			defaultConfigurationName = Release;
		};
		656F48661E8373E6001D0DAE /* Build configuration list for PBXNativeTarget "UltTest" */ = {
			isa = XCConfigurationList;
			buildConfigurations = (
				656F48671E8373E6001D0DAE /* Debug */,
				656F48681E8373E6001D0DAE /* Release */,
			);
			defaultConfigurationIsVisible = 0;
		};
		656F48691E8373E6001D0DAE /* Build configuration list for PBXNativeTarget "UltTestTests" */ = {
			isa = XCConfigurationList;
			buildConfigurations = (
				656F486A1E8373E6001D0DAE /* Debug */,
				656F486B1E8373E6001D0DAE /* Release */,
			);
			defaultConfigurationIsVisible = 0;
		};
		656F486C1E8373E6001D0DAE /* Build configuration list for PBXNativeTarget "UltTestUITests" */ = {
			isa = XCConfigurationList;
			buildConfigurations = (
				656F486D1E8373E6001D0DAE /* Debug */,
				656F486E1E8373E6001D0DAE /* Release */,
			);
			defaultConfigurationIsVisible = 0;
		};
/* End XCConfigurationList section */
	};
	rootObject = 656F48311E8373E6001D0DAE /* Project object */;
}
